
Microsoft Visual Studio Solution File, Format Version 12.00
# Visual Studio Version 17
VisualStudioVersion = 17.8.34511.84
MinimumVisualStudioVersion = 10.0.40219.1
Project("{9A19103F-16F7-4668-BE54-9A1E7A4F7556}") = "HybridCacheDemo", "HybridCacheDemo.csproj", "{7F078C9A-4BFE-4C12-97D9-284BDF5AFBB9}"
EndProject
Global
	GlobalSection(SolutionConfigurationPlatforms) = preSolution
		Debug|Any CPU = Debug|Any CPU
		Release|Any CPU = Release|Any CPU
	EndGlobalSection
	GlobalSection(ProjectConfigurationPlatforms) = postSolution
		{7F078C9A-4BFE-4C12-97D9-284BDF5AFBB9}.Debug|Any CPU.ActiveCfg = Debug|Any CPU
		{7F078C9A-4BFE-4C12-97D9-284BDF5AFBB9}.Debug|Any CPU.Build.0 = Debug|Any CPU
		{7F078C9A-4BFE-4C12-97D9-284BDF5AFBB9}.Release|Any CPU.ActiveCfg = Release|Any CPU
		{7F078C9A-4BFE-4C12-97D9-284BDF5AFBB9}.Release|Any CPU.Build.0 = Release|Any CPU
	EndGlobalSection
	GlobalSection(SolutionProperties) = preSolution
		HideSolutionNode = FALSE
	EndGlobalSection
	GlobalSection(ExtensibilityGlobals) = postSolution
		SolutionGuid = {F2CAA526-A3E8-4A0A-8F32-CF653FF58E38}
	EndGlobalSection
EndGlobal
